
Microsoft Visual Studio Solution File, Format Version 12.00
# Visual Studio Version 17
VisualStudioVersion = 17.3.32825.248
MinimumVisualStudioVersion = 10.0.40219.1
Project("{FAE04EC0-301F-11D3-BF4B-00C04F79EFBC}") = "TaskManager", "TaskManager\TaskManager.csproj", "{76560FF0-EFC9-4090-99CE-0487E9369A90}"
EndProject
Global
	GlobalSection(SolutionConfigurationPlatforms) = preSolution
		Debug|Any CPU = Debug|Any CPU
		Release|Any CPU = Release|Any CPU
	EndGlobalSection
	GlobalSection(ProjectConfigurationPlatforms) = postSolution
		{76560FF0-EFC9-4090-99CE-0487E9369A90}.Debug|Any CPU.ActiveCfg = Debug|Any CPU
		{76560FF0-EFC9-4090-99CE-0487E9369A90}.Debug|Any CPU.Build.0 = Debug|Any CPU
		{76560FF0-EFC9-4090-99CE-0487E9369A90}.Release|Any CPU.ActiveCfg = Release|Any CPU
		{76560FF0-EFC9-4090-99CE-0487E9369A90}.Release|Any CPU.Build.0 = Release|Any CPU
	EndGlobalSection
	GlobalSection(SolutionProperties) = preSolution
		HideSolutionNode = FALSE
	EndGlobalSection
	GlobalSection(ExtensibilityGlobals) = postSolution
		SolutionGuid = {6AA0742B-F7C7-4F1D-B0A5-D3B7F450E0B7}
	EndGlobalSection
EndGlobal
